
Microsoft Visual Studio Solution File, Format Version 12.00
# Visual Studio 15
VisualStudioVersion = 15.0.27428.2011
MinimumVisualStudioVersion = 10.0.40219.1
Project("{FAE04EC0-301F-11D3-BF4B-00C04F79EFBC}") = "Numerology.UI", "Numerology.UI\Numerology.UI.csproj", "{AA9630D4-DCED-4A30-A694-7F41AC752D40}"
EndProject
Project("{FAE04EC0-301F-11D3-BF4B-00C04F79EFBC}") = "Numerology.BL", "Numerology.BL\Numerology.BL.csproj", "{84025C67-6253-41B5-AF6E-0520C896A0BD}"
EndProject
Global
	GlobalSection(SolutionConfigurationPlatforms) = preSolution
		Debug|Any CPU = Debug|Any CPU
		Release|Any CPU = Release|Any CPU
	EndGlobalSection
	GlobalSection(ProjectConfigurationPlatforms) = postSolution
		{AA9630D4-DCED-4A30-A694-7F41AC752D40}.Debug|Any CPU.ActiveCfg = Debug|Any CPU
		{AA9630D4-DCED-4A30-A694-7F41AC752D40}.Debug|Any CPU.Build.0 = Debug|Any CPU
		{AA9630D4-DCED-4A30-A694-7F41AC752D40}.Release|Any CPU.ActiveCfg = Release|Any CPU
		{AA9630D4-DCED-4A30-A694-7F41AC752D40}.Release|Any CPU.Build.0 = Release|Any CPU
		{84025C67-6253-41B5-AF6E-0520C896A0BD}.Debug|Any CPU.ActiveCfg = Debug|Any CPU
		{84025C67-6253-41B5-AF6E-0520C896A0BD}.Debug|Any CPU.Build.0 = Debug|Any CPU
		{84025C67-6253-41B5-AF6E-0520C896A0BD}.Release|Any CPU.ActiveCfg = Release|Any CPU
		{84025C67-6253-41B5-AF6E-0520C896A0BD}.Release|Any CPU.Build.0 = Release|Any CPU
	EndGlobalSection
	GlobalSection(SolutionProperties) = preSolution
		HideSolutionNode = FALSE
	EndGlobalSection
	GlobalSection(ExtensibilityGlobals) = postSolution
		SolutionGuid = {9DEC6625-A056-481C-A3C0-EF444E3E3354}
	EndGlobalSection
EndGlobal
